{
  "name": "reply_foxx",
  "version": "1.0.0",
  "lockfileVersion": 1,
  "requires": true,
  "dependencies": {
    "30-seconds-of-code": {
      "version": "1.2.3",
      "resolved": "https://registry.npmjs.org/30-seconds-of-code/-/30-seconds-of-code-1.2.3.tgz",
      "integrity": "sha512-IRjJtNwmSfVLplKCOxHfjup1Z7Cq1IgDCvGiKf+6gFGq/eEVfYqwGaEQx+NH1vsQZkCJrg8YMfBKGNUnb+uI+w=="
    },
    "json-api-serializer": {
      "version": "2.4.0",
      "resolved": "https://registry.npmjs.org/json-api-serializer/-/json-api-serializer-2.4.0.tgz",
      "integrity": "sha512-4BLJNNW/TldYgj6faTKDUewStBcPTKPnYZUW162QpCCLTi+FAxX1+nsdcxc5vBe8WUtL8F1rI7KJM2DcB1NR5A==",
      "requires": {
        "30-seconds-of-code": "^1.2.3",
        "lodash.set": "^4.3.2"
      }
    },
    "lodash.set": {
      "version": "4.3.2",
      "resolved": "https://registry.npmjs.org/lodash.set/-/lodash.set-4.3.2.tgz",
      "integrity": "sha1-2HV7HagH3eJIFrDWqEvqGnYjCyM="
    }
  }
}
